
Microsoft Visual Studio Solution File, Format Version 12.00
# Visual Studio Version 17
VisualStudioVersion = 17.2.32526.322
MinimumVisualStudioVersion = 10.0.40219.1
Project("{8BC9CEB8-8B4A-11D0-8D11-00A0C91BC942}") = "Rasponote", "Rasponote.vcxproj", "{ABC5F4E2-9A35-4425-9527-775907C15FB8}"
EndProject
Global
	GlobalSection(SolutionConfigurationPlatforms) = preSolution
		Debug|ARM = Debug|ARM
		Debug|ARM64 = Debug|ARM64
		Release|ARM = Release|ARM
		Release|ARM64 = Release|ARM64
	EndGlobalSection
	GlobalSection(ProjectConfigurationPlatforms) = postSolution
		{ABC5F4E2-9A35-4425-9527-775907C15FB8}.Debug|ARM.ActiveCfg = Debug|ARM
		{ABC5F4E2-9A35-4425-9527-775907C15FB8}.Debug|ARM.Build.0 = Debug|ARM
		{ABC5F4E2-9A35-4425-9527-775907C15FB8}.Debug|ARM.Deploy.0 = Debug|ARM
		{ABC5F4E2-9A35-4425-9527-775907C15FB8}.Debug|ARM64.ActiveCfg = Debug|ARM64
		{ABC5F4E2-9A35-4425-9527-775907C15FB8}.Debug|ARM64.Build.0 = Debug|ARM64
		{ABC5F4E2-9A35-4425-9527-775907C15FB8}.Debug|ARM64.Deploy.0 = Debug|ARM64
		{ABC5F4E2-9A35-4425-9527-775907C15FB8}.Release|ARM.ActiveCfg = Release|ARM
		{ABC5F4E2-9A35-4425-9527-775907C15FB8}.Release|ARM.Build.0 = Release|ARM
		{ABC5F4E2-9A35-4425-9527-775907C15FB8}.Release|ARM.Deploy.0 = Release|ARM
		{ABC5F4E2-9A35-4425-9527-775907C15FB8}.Release|ARM64.ActiveCfg = Release|ARM64
		{ABC5F4E2-9A35-4425-9527-775907C15FB8}.Release|ARM64.Build.0 = Release|ARM64
		{ABC5F4E2-9A35-4425-9527-775907C15FB8}.Release|ARM64.Deploy.0 = Release|ARM64
	EndGlobalSection
	GlobalSection(SolutionProperties) = preSolution
		HideSolutionNode = FALSE
	EndGlobalSection
	GlobalSection(ExtensibilityGlobals) = postSolution
		SolutionGuid = {D9D5363B-32A2-48B5-8866-4EA9A3E9FDE0}
	EndGlobalSection
EndGlobal
